PODS:
  - AudioKit/Core (4.9.5)
  - CocoaLumberjack/Core (3.6.1)
  - CocoaLumberjack/Swift (3.6.1):
    - CocoaLumberjack/Core
  - SwiftFormat/CLI (0.40.14)
  - SwiftLint (0.39.2)
  - ZIPFoundation (0.9.11)

DEPENDENCIES:
  - AudioKit/Core (~> 4.9.5)
  - CocoaLumberjack/Swift
  - SwiftFormat/CLI (~> 0.40.9)
  - SwiftLint
  - ZIPFoundation (~> 0.9)

SPEC REPOS:
  trunk:
    - AudioKit
    - CocoaLumberjack
    - SwiftFormat
    - SwiftLint
    - ZIPFoundation

SPEC CHECKSUMS:
  AudioKit: ccf4e39c89ed6e5cbbce5fef58d819db39446437
  CocoaLumberjack: b17ae15142558d08bbacf69775fa10c4abbebcc9
  SwiftFormat: 21c9c3c748d5fcece493d8610eee23df15393458
  SwiftLint: 22ccbbe3b8008684be5955693bab135e0ed6a447
  ZIPFoundation: b1f0de4eed33e74a676f76e12559ab6b75990197

PODFILE CHECKSUM: 06341a9ba3383cdfda168caf4c8aaff0a0817e49

COCOAPODS: 1.9.1
