// !$*UTF8*$!
{
	archiveVersion = 1;
	classes = {
	};
	objectVersion = 51;
	objects = {

/* Begin PBXBuildFile section */
		72352439246D006D00F58C61 /* String+Extensions.swift in Sources */ = {isa = PBXBuildFile; fileRef = 72352438246D006D00F58C61 /* String+Extensions.swift */; };
		726A21F124701C4800DBAB87 /* Log.swift in Sources */ = {isa = PBXBuildFile; fileRef = 726A21F024701C4800DBAB87 /* Log.swift */; };
		726A21F324701C5D00DBAB87 /* LogFormatter.swift in Sources */ = {isa = PBXBuildFile; fileRef = 726A21F224701C5D00DBAB87 /* LogFormatter.swift */; };
		726A21F92470260A00DBAB87 /* DeviceLocator.swift in Sources */ = {isa = PBXBuildFile; fileRef = 726A21F82470260A00DBAB87 /* DeviceLocator.swift */; };
		726A21FB24702E3C00DBAB87 /* Application.swift in Sources */ = {isa = PBXBuildFile; fileRef = 726A21FA24702E3C00DBAB87 /* Application.swift */; };
		726A21FF2470439800DBAB87 /* BackupViewModel.swift in Sources */ = {isa = PBXBuildFile; fileRef = 726A21FE2470439800DBAB87 /* BackupViewModel.swift */; };
		726A2201247043A400DBAB87 /* BackupView.swift in Sources */ = {isa = PBXBuildFile; fileRef = 726A2200247043A400DBAB87 /* BackupView.swift */; };
		72704C6B2460EF10006F3E99 /* AppDelegate.swift in Sources */ = {isa = PBXBuildFile; fileRef = 72704C6A2460EF10006F3E99 /* AppDelegate.swift */; };
		72704C6D2460EF10006F3E99 /* SceneDelegate.swift in Sources */ = {isa = PBXBuildFile; fileRef = 72704C6C2460EF10006F3E99 /* SceneDelegate.swift */; };
		72704C6F2460EF10006F3E99 /* HomeView.swift in Sources */ = {isa = PBXBuildFile; fileRef = 72704C6E2460EF10006F3E99 /* HomeView.swift */; };
		72704C712460EF13006F3E99 /* Assets.xcassets in Resources */ = {isa = PBXBuildFile; fileRef = 72704C702460EF13006F3E99 /* Assets.xcassets */; };
		72704C742460EF13006F3E99 /* Preview Assets.xcassets in Resources */ = {isa = PBXBuildFile; fileRef = 72704C732460EF13006F3E99 /* Preview Assets.xcassets */; };
		72704C772460EF13006F3E99 /* LaunchScreen.storyboard in Resources */ = {isa = PBXBuildFile; fileRef = 72704C752460EF13006F3E99 /* LaunchScreen.storyboard */; };
		72704C822460EF7C006F3E99 /* sample-adjusted.aif in Resources */ = {isa = PBXBuildFile; fileRef = 72704C812460EF7C006F3E99 /* sample-adjusted.aif */; };
		72704C862460EFB7006F3E99 /* AudioFile.swift in Sources */ = {isa = PBXBuildFile; fileRef = 72704C852460EFB7006F3E99 /* AudioFile.swift */; };
		72704C8E2460EFEB006F3E99 /* OperatorTests.swift in Sources */ = {isa = PBXBuildFile; fileRef = 72704C8D2460EFEB006F3E99 /* OperatorTests.swift */; };
		729E6FE6246CE2AC0015B30D /* sample-modified.aif in Resources */ = {isa = PBXBuildFile; fileRef = 722F0F2B246CE18800C857E9 /* sample-modified.aif */; };
		729E6FE7246CE2AF0015B30D /* sample-adjusted.aif in Resources */ = {isa = PBXBuildFile; fileRef = 72704C962460F099006F3E99 /* sample-adjusted.aif */; };
		72A22CDD247058A700978DE6 /* Compression_Algorithm+Extensions.swift in Sources */ = {isa = PBXBuildFile; fileRef = 72A22CDC247058A700978DE6 /* Compression_Algorithm+Extensions.swift */; };
		72B75561247174D100FA8B3B /* BulletedVStack.swift in Sources */ = {isa = PBXBuildFile; fileRef = 72B75560247174D100FA8B3B /* BulletedVStack.swift */; };
		72B7556324717EAE00FA8B3B /* CircleBullet.swift in Sources */ = {isa = PBXBuildFile; fileRef = 72B7556224717EAE00FA8B3B /* CircleBullet.swift */; };
		72BDC2A42470BE1100361464 /* NeumorphicButtonStyle.swift in Sources */ = {isa = PBXBuildFile; fileRef = 72BDC2A32470BE1100361464 /* NeumorphicButtonStyle.swift */; };
		72BDC2A62470BEB000361464 /* AppleButtonStyle.swift in Sources */ = {isa = PBXBuildFile; fileRef = 72BDC2A52470BEB000361464 /* AppleButtonStyle.swift */; };
		72BDC2A82470C2A000361464 /* UIColor+Extensions.swift in Sources */ = {isa = PBXBuildFile; fileRef = 72BDC2A72470C2A000361464 /* UIColor+Extensions.swift */; };
		72BDC2AA2470C2BB00361464 /* Colors.swift in Sources */ = {isa = PBXBuildFile; fileRef = 72BDC2A92470C2BB00361464 /* Colors.swift */; };
		72C77F49247048B6003907E7 /* DocumentPicker.swift in Sources */ = {isa = PBXBuildFile; fileRef = 72C77F48247048B6003907E7 /* DocumentPicker.swift */; };
		72F291062470523A00561B16 /* FolderCompressor.swift in Sources */ = {isa = PBXBuildFile; fileRef = 72F291052470523A00561B16 /* FolderCompressor.swift */; };
		72F291082470561100561B16 /* FileHelper.swift in Sources */ = {isa = PBXBuildFile; fileRef = 72F291072470561100561B16 /* FileHelper.swift */; };
		72F2910B2470569E00561B16 /* Compressor.swift in Sources */ = {isa = PBXBuildFile; fileRef = 72F2910A2470569E00561B16 /* Compressor.swift */; };
		ADFC6710673E8CF9E1D4CA09 /* Pods_Operator.framework in Frameworks */ = {isa = PBXBuildFile; fileRef = 74BB7A1EA27FF1D3D013C7BC /* Pods_Operator.framework */; };
/* End PBXBuildFile section */

/* Begin PBXContainerItemProxy section */
		72704C902460EFEB006F3E99 /* PBXContainerItemProxy */ = {
			isa = PBXContainerItemProxy;
			containerPortal = 72704C5F2460EF10006F3E99 /* Project object */;
			proxyType = 1;
			remoteGlobalIDString = 72704C662460EF10006F3E99;
			remoteInfo = Operator;
		};
/* End PBXContainerItemProxy section */

/* Begin PBXFileReference section */
		32F8E8113014F8384AD3C0D6 /* Pods-Operator.release.xcconfig */ = {isa = PBXFileReference; includeInIndex = 1; lastKnownFileType = text.xcconfig; name = "Pods-Operator.release.xcconfig"; path = "Target Support Files/Pods-Operator/Pods-Operator.release.xcconfig"; sourceTree = "<group>"; };
		6761102642A44577E3E6499D /* Pods-Operator.debug.xcconfig */ = {isa = PBXFileReference; includeInIndex = 1; lastKnownFileType = text.xcconfig; name = "Pods-Operator.debug.xcconfig"; path = "Target Support Files/Pods-Operator/Pods-Operator.debug.xcconfig"; sourceTree = "<group>"; };
		722F0F2B246CE18800C857E9 /* sample-modified.aif */ = {isa = PBXFileReference; lastKnownFileType = file; path = "sample-modified.aif"; sourceTree = "<group>"; };
		72352438246D006D00F58C61 /* String+Extensions.swift */ = {isa = PBXFileReference; lastKnownFileType = sourcecode.swift; path = "String+Extensions.swift"; sourceTree = "<group>"; };
		726A21F024701C4800DBAB87 /* Log.swift */ = {isa = PBXFileReference; lastKnownFileType = sourcecode.swift; path = Log.swift; sourceTree = "<group>"; };
		726A21F224701C5D00DBAB87 /* LogFormatter.swift */ = {isa = PBXFileReference; lastKnownFileType = sourcecode.swift; path = LogFormatter.swift; sourceTree = "<group>"; };
		726A21F82470260A00DBAB87 /* DeviceLocator.swift */ = {isa = PBXFileReference; lastKnownFileType = sourcecode.swift; path = DeviceLocator.swift; sourceTree = "<group>"; };
		726A21FA24702E3C00DBAB87 /* Application.swift */ = {isa = PBXFileReference; lastKnownFileType = sourcecode.swift; path = Application.swift; sourceTree = "<group>"; };
		726A21FE2470439800DBAB87 /* BackupViewModel.swift */ = {isa = PBXFileReference; lastKnownFileType = sourcecode.swift; path = BackupViewModel.swift; sourceTree = "<group>"; };
		726A2200247043A400DBAB87 /* BackupView.swift */ = {isa = PBXFileReference; lastKnownFileType = sourcecode.swift; path = BackupView.swift; sourceTree = "<group>"; };
		72704C672460EF10006F3E99 /* Operator.app */ = {isa = PBXFileReference; explicitFileType = wrapper.application; includeInIndex = 0; path = Operator.app; sourceTree = BUILT_PRODUCTS_DIR; };
		72704C6A2460EF10006F3E99 /* AppDelegate.swift */ = {isa = PBXFileReference; lastKnownFileType = sourcecode.swift; path = AppDelegate.swift; sourceTree = "<group>"; };
		72704C6C2460EF10006F3E99 /* SceneDelegate.swift */ = {isa = PBXFileReference; lastKnownFileType = sourcecode.swift; path = SceneDelegate.swift; sourceTree = "<group>"; };
		72704C6E2460EF10006F3E99 /* HomeView.swift */ = {isa = PBXFileReference; lastKnownFileType = sourcecode.swift; path = HomeView.swift; sourceTree = "<group>"; };
		72704C702460EF13006F3E99 /* Assets.xcassets */ = {isa = PBXFileReference; lastKnownFileType = folder.assetcatalog; path = Assets.xcassets; sourceTree = "<group>"; };
		72704C732460EF13006F3E99 /* Preview Assets.xcassets */ = {isa = PBXFileReference; lastKnownFileType = folder.assetcatalog; path = "Preview Assets.xcassets"; sourceTree = "<group>"; };
		72704C762460EF13006F3E99 /* Base */ = {isa = PBXFileReference; lastKnownFileType = file.storyboard; name = Base; path = Base.lproj/LaunchScreen.storyboard; sourceTree = "<group>"; };
		72704C782460EF13006F3E99 /* Info.plist */ = {isa = PBXFileReference; lastKnownFileType = text.plist.xml; path = Info.plist; sourceTree = "<group>"; };
		72704C7E2460EF41006F3E99 /* Operator.entitlements */ = {isa = PBXFileReference; lastKnownFileType = text.plist.entitlements; path = Operator.entitlements; sourceTree = "<group>"; };
		72704C812460EF7C006F3E99 /* sample-adjusted.aif */ = {isa = PBXFileReference; lastKnownFileType = file; path = "sample-adjusted.aif"; sourceTree = "<group>"; };
		72704C852460EFB7006F3E99 /* AudioFile.swift */ = {isa = PBXFileReference; lastKnownFileType = sourcecode.swift; path = AudioFile.swift; sourceTree = "<group>"; };
		72704C8B2460EFEB006F3E99 /* OperatorTests.xctest */ = {isa = PBXFileReference; explicitFileType = wrapper.cfbundle; includeInIndex = 0; path = OperatorTests.xctest; sourceTree = BUILT_PRODUCTS_DIR; };
		72704C8D2460EFEB006F3E99 /* OperatorTests.swift */ = {isa = PBXFileReference; lastKnownFileType = sourcecode.swift; path = OperatorTests.swift; sourceTree = "<group>"; };
		72704C8F2460EFEB006F3E99 /* Info.plist */ = {isa = PBXFileReference; lastKnownFileType = text.plist.xml; path = Info.plist; sourceTree = "<group>"; };
		72704C962460F099006F3E99 /* sample-adjusted.aif */ = {isa = PBXFileReference; lastKnownFileType = file; path = "sample-adjusted.aif"; sourceTree = "<group>"; };
		72A22CDC247058A700978DE6 /* Compression_Algorithm+Extensions.swift */ = {isa = PBXFileReference; lastKnownFileType = sourcecode.swift; path = "Compression_Algorithm+Extensions.swift"; sourceTree = "<group>"; };
		72B75560247174D100FA8B3B /* BulletedVStack.swift */ = {isa = PBXFileReference; lastKnownFileType = sourcecode.swift; path = BulletedVStack.swift; sourceTree = "<group>"; };
		72B7556224717EAE00FA8B3B /* CircleBullet.swift */ = {isa = PBXFileReference; lastKnownFileType = sourcecode.swift; path = CircleBullet.swift; sourceTree = "<group>"; };
		72BDC2A32470BE1100361464 /* NeumorphicButtonStyle.swift */ = {isa = PBXFileReference; lastKnownFileType = sourcecode.swift; path = NeumorphicButtonStyle.swift; sourceTree = "<group>"; };
		72BDC2A52470BEB000361464 /* AppleButtonStyle.swift */ = {isa = PBXFileReference; lastKnownFileType = sourcecode.swift; path = AppleButtonStyle.swift; sourceTree = "<group>"; };
		72BDC2A72470C2A000361464 /* UIColor+Extensions.swift */ = {isa = PBXFileReference; lastKnownFileType = sourcecode.swift; path = "UIColor+Extensions.swift"; sourceTree = "<group>"; };
		72BDC2A92470C2BB00361464 /* Colors.swift */ = {isa = PBXFileReference; lastKnownFileType = sourcecode.swift; path = Colors.swift; sourceTree = "<group>"; };
		72C77F48247048B6003907E7 /* DocumentPicker.swift */ = {isa = PBXFileReference; lastKnownFileType = sourcecode.swift; path = DocumentPicker.swift; sourceTree = "<group>"; };
		72F291052470523A00561B16 /* FolderCompressor.swift */ = {isa = PBXFileReference; lastKnownFileType = sourcecode.swift; path = FolderCompressor.swift; sourceTree = "<group>"; };
		72F291072470561100561B16 /* FileHelper.swift */ = {isa = PBXFileReference; lastKnownFileType = sourcecode.swift; path = FileHelper.swift; sourceTree = "<group>"; };
		72F2910A2470569E00561B16 /* Compressor.swift */ = {isa = PBXFileReference; lastKnownFileType = sourcecode.swift; path = Compressor.swift; sourceTree = "<group>"; };
		74BB7A1EA27FF1D3D013C7BC /* Pods_Operator.framework */ = {isa = PBXFileReference; explicitFileType = wrapper.framework; includeInIndex = 0; path = Pods_Operator.framework; sourceTree = BUILT_PRODUCTS_DIR; };
/* End PBXFileReference section */

/* Begin PBXFrameworksBuildPhase section */
		72704C642460EF10006F3E99 /* Frameworks */ = {
			isa = PBXFrameworksBuildPhase;
			buildActionMask = 2147483647;
			files = (
				ADFC6710673E8CF9E1D4CA09 /* Pods_Operator.framework in Frameworks */,
			);
			runOnlyForDeploymentPostprocessing = 0;
		};
		72704C882460EFEB006F3E99 /* Frameworks */ = {
			isa = PBXFrameworksBuildPhase;
			buildActionMask = 2147483647;
			files = (
			);
			runOnlyForDeploymentPostprocessing = 0;
		};
/* End PBXFrameworksBuildPhase section */

/* Begin PBXGroup section */
		3E7B71A43A080DC832E2EBF4 /* Frameworks */ = {
			isa = PBXGroup;
			children = (
				74BB7A1EA27FF1D3D013C7BC /* Pods_Operator.framework */,
			);
			name = Frameworks;
			sourceTree = "<group>";
		};
		72352437246D006200F58C61 /* Extensions */ = {
			isa = PBXGroup;
			children = (
				72352438246D006D00F58C61 /* String+Extensions.swift */,
				72A22CDC247058A700978DE6 /* Compression_Algorithm+Extensions.swift */,
				72BDC2A72470C2A000361464 /* UIColor+Extensions.swift */,
			);
			path = Extensions;
			sourceTree = "<group>";
		};
		726A21EF24701C2A00DBAB87 /* Logging */ = {
			isa = PBXGroup;
			children = (
				726A21F024701C4800DBAB87 /* Log.swift */,
				726A21F224701C5D00DBAB87 /* LogFormatter.swift */,
			);
			path = Logging;
			sourceTree = "<group>";
		};
		726A21F424701C9D00DBAB87 /* Sections */ = {
			isa = PBXGroup;
			children = (
				726A21FD2470434A00DBAB87 /* Home */,
				726A21FC2470431D00DBAB87 /* Backup */,
				72704C6A2460EF10006F3E99 /* AppDelegate.swift */,
				72704C6C2460EF10006F3E99 /* SceneDelegate.swift */,
			);
			path = Sections;
			sourceTree = "<group>";
		};
		726A21F7247025F300DBAB87 /* USB */ = {
			isa = PBXGroup;
			children = (
				726A21F82470260A00DBAB87 /* DeviceLocator.swift */,
			);
			path = USB;
			sourceTree = "<group>";
		};
		726A21FC2470431D00DBAB87 /* Backup */ = {
			isa = PBXGroup;
			children = (
				72F291092470569000561B16 /* Compressor */,
				726A21FE2470439800DBAB87 /* BackupViewModel.swift */,
				726A2200247043A400DBAB87 /* BackupView.swift */,
				72C77F48247048B6003907E7 /* DocumentPicker.swift */,
			);
			path = Backup;
			sourceTree = "<group>";
		};
		726A21FD2470434A00DBAB87 /* Home */ = {
			isa = PBXGroup;
			children = (
				72704C6E2460EF10006F3E99 /* HomeView.swift */,
				726A21FA24702E3C00DBAB87 /* Application.swift */,
			);
			path = Home;
			sourceTree = "<group>";
		};
		72704C5E2460EF10006F3E99 = {
			isa = PBXGroup;
			children = (
				72704C692460EF10006F3E99 /* Operator */,
				72704C8C2460EFEB006F3E99 /* OperatorTests */,
				72704C682460EF10006F3E99 /* Products */,
				A215E62E435F54AFA2F63C69 /* Pods */,
				3E7B71A43A080DC832E2EBF4 /* Frameworks */,
			);
			sourceTree = "<group>";
		};
		72704C682460EF10006F3E99 /* Products */ = {
			isa = PBXGroup;
			children = (
				72704C672460EF10006F3E99 /* Operator.app */,
				72704C8B2460EFEB006F3E99 /* OperatorTests.xctest */,
			);
			name = Products;
			sourceTree = "<group>";
		};
		72704C692460EF10006F3E99 /* Operator */ = {
			isa = PBXGroup;
			children = (
				72704C832460EF94006F3E99 /* Infrastructure */,
				726A21F424701C9D00DBAB87 /* Sections */,
				72704C7F2460EF4A006F3E99 /* Resources */,
				72704C722460EF13006F3E99 /* Preview Content */,
			);
			path = Operator;
			sourceTree = "<group>";
		};
		72704C722460EF13006F3E99 /* Preview Content */ = {
			isa = PBXGroup;
			children = (
				72704C732460EF13006F3E99 /* Preview Assets.xcassets */,
			);
			path = "Preview Content";
			sourceTree = "<group>";
		};
		72704C7F2460EF4A006F3E99 /* Resources */ = {
			isa = PBXGroup;
			children = (
				72704C802460EF59006F3E99 /* Test Sound Files */,
				72704C782460EF13006F3E99 /* Info.plist */,
				72704C7E2460EF41006F3E99 /* Operator.entitlements */,
				72704C702460EF13006F3E99 /* Assets.xcassets */,
				72704C752460EF13006F3E99 /* LaunchScreen.storyboard */,
			);
			path = Resources;
			sourceTree = "<group>";
		};
		72704C802460EF59006F3E99 /* Test Sound Files */ = {
			isa = PBXGroup;
			children = (
				72704C812460EF7C006F3E99 /* sample-adjusted.aif */,
			);
			path = "Test Sound Files";
			sourceTree = "<group>";
		};
		72704C832460EF94006F3E99 /* Infrastructure */ = {
			isa = PBXGroup;
			children = (
				72BDC2A22470BE0000361464 /* UI */,
				726A21F7247025F300DBAB87 /* USB */,
				726A21EF24701C2A00DBAB87 /* Logging */,
				72352437246D006200F58C61 /* Extensions */,
				72704C842460EF9E006F3E99 /* Audio */,
			);
			path = Infrastructure;
			sourceTree = "<group>";
		};
		72704C842460EF9E006F3E99 /* Audio */ = {
			isa = PBXGroup;
			children = (
				72704C852460EFB7006F3E99 /* AudioFile.swift */,
			);
			path = Audio;
			sourceTree = "<group>";
		};
		72704C8C2460EFEB006F3E99 /* OperatorTests */ = {
			isa = PBXGroup;
			children = (
				72704C952460F086006F3E99 /* Test Files */,
				72704C8D2460EFEB006F3E99 /* OperatorTests.swift */,
				72704C8F2460EFEB006F3E99 /* Info.plist */,
			);
			path = OperatorTests;
			sourceTree = "<group>";
		};
		72704C952460F086006F3E99 /* Test Files */ = {
			isa = PBXGroup;
			children = (
				722F0F2B246CE18800C857E9 /* sample-modified.aif */,
				72704C962460F099006F3E99 /* sample-adjusted.aif */,
			);
			path = "Test Files";
			sourceTree = "<group>";
		};
		72BDC2A22470BE0000361464 /* UI */ = {
			isa = PBXGroup;
			children = (
				72BDC2A32470BE1100361464 /* NeumorphicButtonStyle.swift */,
				72BDC2A52470BEB000361464 /* AppleButtonStyle.swift */,
				72BDC2A92470C2BB00361464 /* Colors.swift */,
				72B75560247174D100FA8B3B /* BulletedVStack.swift */,
				72B7556224717EAE00FA8B3B /* CircleBullet.swift */,
			);
			path = UI;
			sourceTree = "<group>";
		};
		72F291092470569000561B16 /* Compressor */ = {
			isa = PBXGroup;
			children = (
				72F291052470523A00561B16 /* FolderCompressor.swift */,
				72F291072470561100561B16 /* FileHelper.swift */,
				72F2910A2470569E00561B16 /* Compressor.swift */,
			);
			path = Compressor;
			sourceTree = "<group>";
		};
		A215E62E435F54AFA2F63C69 /* Pods */ = {
			isa = PBXGroup;
			children = (
				6761102642A44577E3E6499D /* Pods-Operator.debug.xcconfig */,
				32F8E8113014F8384AD3C0D6 /* Pods-Operator.release.xcconfig */,
			);
			path = Pods;
			sourceTree = "<group>";
		};
/* End PBXGroup section */

/* Begin PBXNativeTarget section */
		72704C662460EF10006F3E99 /* Operator */ = {
			isa = PBXNativeTarget;
			buildConfigurationList = 72704C7B2460EF13006F3E99 /* Build configuration list for PBXNativeTarget "Operator" */;
			buildPhases = (
				46D939AC588816F2752D6BCA /* [CP] Check Pods Manifest.lock */,
				72704C632460EF10006F3E99 /* Sources */,
				72704C642460EF10006F3E99 /* Frameworks */,
				72704C652460EF10006F3E99 /* Resources */,
				411B10740FB47AEB4D78E934 /* [CP] Embed Pods Frameworks */,
				726A21F5247023F900DBAB87 /* Run SwiftFormat */,
				726A21F62470242300DBAB87 /* Run SwiftLint */,
			);
			buildRules = (
			);
			dependencies = (
			);
			name = Operator;
			productName = Operator;
			productReference = 72704C672460EF10006F3E99 /* Operator.app */;
			productType = "com.apple.product-type.application";
		};
		72704C8A2460EFEB006F3E99 /* OperatorTests */ = {
			isa = PBXNativeTarget;
			buildConfigurationList = 72704C922460EFEB006F3E99 /* Build configuration list for PBXNativeTarget "OperatorTests" */;
			buildPhases = (
				72704C872460EFEB006F3E99 /* Sources */,
				72704C882460EFEB006F3E99 /* Frameworks */,
				72704C892460EFEB006F3E99 /* Resources */,
			);
			buildRules = (
			);
			dependencies = (
				72704C912460EFEB006F3E99 /* PBXTargetDependency */,
			);
			name = OperatorTests;
			productName = OperatorTests;
			productReference = 72704C8B2460EFEB006F3E99 /* OperatorTests.xctest */;
			productType = "com.apple.product-type.bundle.unit-test";
		};
/* End PBXNativeTarget section */

/* Begin PBXProject section */
		72704C5F2460EF10006F3E99 /* Project object */ = {
			isa = PBXProject;
			attributes = {
				LastSwiftUpdateCheck = 1140;
				LastUpgradeCheck = 1140;
				ORGANIZATIONNAME = "Brian Michel";
				TargetAttributes = {
					72704C662460EF10006F3E99 = {
						CreatedOnToolsVersion = 11.4;
					};
					72704C8A2460EFEB006F3E99 = {
						CreatedOnToolsVersion = 11.4;
						TestTargetID = 72704C662460EF10006F3E99;
					};
				};
			};
			buildConfigurationList = 72704C622460EF10006F3E99 /* Build configuration list for PBXProject "Operator" */;
			compatibilityVersion = "Xcode 9.3";
			developmentRegion = en;
			hasScannedForEncodings = 0;
			knownRegions = (
				en,
				Base,
			);
			mainGroup = 72704C5E2460EF10006F3E99;
			productRefGroup = 72704C682460EF10006F3E99 /* Products */;
			projectDirPath = "";
			projectRoot = "";
			targets = (
				72704C662460EF10006F3E99 /* Operator */,
				72704C8A2460EFEB006F3E99 /* OperatorTests */,
			);
		};
/* End PBXProject section */

/* Begin PBXResourcesBuildPhase section */
		72704C652460EF10006F3E99 /* Resources */ = {
			isa = PBXResourcesBuildPhase;
			buildActionMask = 2147483647;
			files = (
				72704C822460EF7C006F3E99 /* sample-adjusted.aif in Resources */,
				72704C772460EF13006F3E99 /* LaunchScreen.storyboard in Resources */,
				72704C742460EF13006F3E99 /* Preview Assets.xcassets in Resources */,
				72704C712460EF13006F3E99 /* Assets.xcassets in Resources */,
			);
			runOnlyForDeploymentPostprocessing = 0;
		};
		72704C892460EFEB006F3E99 /* Resources */ = {
			isa = PBXResourcesBuildPhase;
			buildActionMask = 2147483647;
			files = (
				729E6FE7246CE2AF0015B30D /* sample-adjusted.aif in Resources */,
				729E6FE6246CE2AC0015B30D /* sample-modified.aif in Resources */,
			);
			runOnlyForDeploymentPostprocessing = 0;
		};
/* End PBXResourcesBuildPhase section */

/* Begin PBXShellScriptBuildPhase section */
		411B10740FB47AEB4D78E934 /* [CP] Embed Pods Frameworks */ = {
			isa = PBXShellScriptBuildPhase;
			buildActionMask = 2147483647;
			files = (
			);
			inputFileListPaths = (
				"${PODS_ROOT}/Target Support Files/Pods-Operator/Pods-Operator-frameworks-${CONFIGURATION}-input-files.xcfilelist",
			);
			name = "[CP] Embed Pods Frameworks";
			outputFileListPaths = (
				"${PODS_ROOT}/Target Support Files/Pods-Operator/Pods-Operator-frameworks-${CONFIGURATION}-output-files.xcfilelist",
			);
			runOnlyForDeploymentPostprocessing = 0;
			shellPath = /bin/sh;
			shellScript = "\"${PODS_ROOT}/Target Support Files/Pods-Operator/Pods-Operator-frameworks.sh\"\n";
			showEnvVarsInLog = 0;
		};
		46D939AC588816F2752D6BCA /* [CP] Check Pods Manifest.lock */ = {
			isa = PBXShellScriptBuildPhase;
			buildActionMask = 2147483647;
			files = (
			);
			inputFileListPaths = (
			);
			inputPaths = (
				"${PODS_PODFILE_DIR_PATH}/Podfile.lock",
				"${PODS_ROOT}/Manifest.lock",
			);
			name = "[CP] Check Pods Manifest.lock";
			outputFileListPaths = (
			);
			outputPaths = (
				"$(DERIVED_FILE_DIR)/Pods-Operator-checkManifestLockResult.txt",
			);
			runOnlyForDeploymentPostprocessing = 0;
			shellPath = /bin/sh;
			shellScript = "diff \"${PODS_PODFILE_DIR_PATH}/Podfile.lock\" \"${PODS_ROOT}/Manifest.lock\" > /dev/null\nif [ $? != 0 ] ; then\n    # print error to STDERR\n    echo \"error: The sandbox is not in sync with the Podfile.lock. Run 'pod install' or update your CocoaPods installation.\" >&2\n    exit 1\nfi\n# This output is used by Xcode 'outputs' to avoid re-running this script phase.\necho \"SUCCESS\" > \"${SCRIPT_OUTPUT_FILE_0}\"\n";
			showEnvVarsInLog = 0;
		};
		726A21F5247023F900DBAB87 /* Run SwiftFormat */ = {
			isa = PBXShellScriptBuildPhase;
			buildActionMask = 2147483647;
			files = (
			);
			inputFileListPaths = (
			);
			inputPaths = (
			);
			name = "Run SwiftFormat";
			outputFileListPaths = (
			);
			outputPaths = (
			);
			runOnlyForDeploymentPostprocessing = 0;
			shellPath = /bin/sh;
			shellScript = "git diff HEAD --name-only --diff-filter=ACMRTU -- \"Operator/*.swift\" | while read filename; do\n${SRCROOT}/Pods/SwiftFormat/CommandLineTool/swiftformat \"$filename\";\ndone\n";
		};
		726A21F62470242300DBAB87 /* Run SwiftLint */ = {
			isa = PBXShellScriptBuildPhase;
			buildActionMask = 2147483647;
			files = (
			);
			inputFileListPaths = (
			);
			inputPaths = (
			);
			name = "Run SwiftLint";
			outputFileListPaths = (
			);
			outputPaths = (
			);
			runOnlyForDeploymentPostprocessing = 0;
			shellPath = /bin/sh;
			shellScript = "git diff HEAD --name-only --diff-filter=ACMRTU -- \"Operator/*.swift\" | while read filename; do\n${PODS_ROOT}/SwiftLint/swiftlint lint --path \"$filename\";\ndone\n";
		};
/* End PBXShellScriptBuildPhase section */

/* Begin PBXSourcesBuildPhase section */
		72704C632460EF10006F3E99 /* Sources */ = {
			isa = PBXSourcesBuildPhase;
			buildActionMask = 2147483647;
			files = (
				726A2201247043A400DBAB87 /* BackupView.swift in Sources */,
				72BDC2AA2470C2BB00361464 /* Colors.swift in Sources */,
				72352439246D006D00F58C61 /* String+Extensions.swift in Sources */,
				72F291062470523A00561B16 /* FolderCompressor.swift in Sources */,
				72704C862460EFB7006F3E99 /* AudioFile.swift in Sources */,
				72A22CDD247058A700978DE6 /* Compression_Algorithm+Extensions.swift in Sources */,
				726A21FF2470439800DBAB87 /* BackupViewModel.swift in Sources */,
				72F291082470561100561B16 /* FileHelper.swift in Sources */,
				72C77F49247048B6003907E7 /* DocumentPicker.swift in Sources */,
				72B75561247174D100FA8B3B /* BulletedVStack.swift in Sources */,
				726A21F124701C4800DBAB87 /* Log.swift in Sources */,
				726A21F324701C5D00DBAB87 /* LogFormatter.swift in Sources */,
				72BDC2A62470BEB000361464 /* AppleButtonStyle.swift in Sources */,
				72704C6B2460EF10006F3E99 /* AppDelegate.swift in Sources */,
				72704C6D2460EF10006F3E99 /* SceneDelegate.swift in Sources */,
				72704C6F2460EF10006F3E99 /* HomeView.swift in Sources */,
				726A21FB24702E3C00DBAB87 /* Application.swift in Sources */,
				72BDC2A42470BE1100361464 /* NeumorphicButtonStyle.swift in Sources */,
				72BDC2A82470C2A000361464 /* UIColor+Extensions.swift in Sources */,
				72B7556324717EAE00FA8B3B /* CircleBullet.swift in Sources */,
				72F2910B2470569E00561B16 /* Compressor.swift in Sources */,
				726A21F92470260A00DBAB87 /* DeviceLocator.swift in Sources */,
			);
			runOnlyForDeploymentPostprocessing = 0;
		};
		72704C872460EFEB006F3E99 /* Sources */ = {
			isa = PBXSourcesBuildPhase;
			buildActionMask = 2147483647;
			files = (
				72704C8E2460EFEB006F3E99 /* OperatorTests.swift in Sources */,
			);
			runOnlyForDeploymentPostprocessing = 0;
		};
/* End PBXSourcesBuildPhase section */

/* Begin PBXTargetDependency section */
		72704C912460EFEB006F3E99 /* PBXTargetDependency */ = {
			isa = PBXTargetDependency;
			target = 72704C662460EF10006F3E99 /* Operator */;
			targetProxy = 72704C902460EFEB006F3E99 /* PBXContainerItemProxy */;
		};
/* End PBXTargetDependency section */

/* Begin PBXVariantGroup section */
		72704C752460EF13006F3E99 /* LaunchScreen.storyboard */ = {
			isa = PBXVariantGroup;
			children = (
				72704C762460EF13006F3E99 /* Base */,
			);
			name = LaunchScreen.storyboard;
			sourceTree = "<group>";
		};
/* End PBXVariantGroup section */

/* Begin XCBuildConfiguration section */
		72704C792460EF13006F3E99 /* Debug */ = {
			isa = XCBuildConfiguration;
			buildSettings = {
				ALWAYS_SEARCH_USER_PATHS = NO;
				CLANG_ANALYZER_NONNULL = YES;
				CLANG_ANALYZER_NUMBER_OBJECT_CONVERSION = YES_AGGRESSIVE;
				CLANG_CXX_LANGUAGE_STANDARD = "gnu++14";
				CLANG_CXX_LIBRARY = "libc++";
				CLANG_ENABLE_MODULES = YES;
				CLANG_ENABLE_OBJC_ARC = YES;
				CLANG_ENABLE_OBJC_WEAK = YES;
				CLANG_WARN_BLOCK_CAPTURE_AUTORELEASING = YES;
				CLANG_WARN_BOOL_CONVERSION = YES;
				CLANG_WARN_COMMA = YES;
				CLANG_WARN_CONSTANT_CONVERSION = YES;
				CLANG_WARN_DEPRECATED_OBJC_IMPLEMENTATIONS = YES;
				CLANG_WARN_DIRECT_OBJC_ISA_USAGE = YES_ERROR;
				CLANG_WARN_DOCUMENTATION_COMMENTS = YES;
				CLANG_WARN_EMPTY_BODY = YES;
				CLANG_WARN_ENUM_CONVERSION = YES;
				CLANG_WARN_INFINITE_RECURSION = YES;
				CLANG_WARN_INT_CONVERSION = YES;
				CLANG_WARN_NON_LITERAL_NULL_CONVERSION = YES;
				CLANG_WARN_OBJC_IMPLICIT_RETAIN_SELF = YES;
				CLANG_WARN_OBJC_LITERAL_CONVERSION = YES;
				CLANG_WARN_OBJC_ROOT_CLASS = YES_ERROR;
				CLANG_WARN_RANGE_LOOP_ANALYSIS = YES;
				CLANG_WARN_STRICT_PROTOTYPES = YES;
				CLANG_WARN_SUSPICIOUS_MOVE = YES;
				CLANG_WARN_UNGUARDED_AVAILABILITY = YES_AGGRESSIVE;
				CLANG_WARN_UNREACHABLE_CODE = YES;
				CLANG_WARN__DUPLICATE_METHOD_MATCH = YES;
				COPY_PHASE_STRIP = NO;
				DEBUG_INFORMATION_FORMAT = dwarf;
				ENABLE_STRICT_OBJC_MSGSEND = YES;
				ENABLE_TESTABILITY = YES;
				GCC_C_LANGUAGE_STANDARD = gnu11;
				GCC_DYNAMIC_NO_PIC = NO;
				GCC_NO_COMMON_BLOCKS = YES;
				GCC_OPTIMIZATION_LEVEL = 0;
				GCC_PREPROCESSOR_DEFINITIONS = (
					"DEBUG=1",
					"$(inherited)",
				);
				GCC_WARN_64_TO_32_BIT_CONVERSION = YES;
				GCC_WARN_ABOUT_RETURN_TYPE = YES_ERROR;
				GCC_WARN_UNDECLARED_SELECTOR = YES;
				GCC_WARN_UNINITIALIZED_AUTOS = YES_AGGRESSIVE;
				GCC_WARN_UNUSED_FUNCTION = YES;
				GCC_WARN_UNUSED_VARIABLE = YES;
				IPHONEOS_DEPLOYMENT_TARGET = 13.4;
				MTL_ENABLE_DEBUG_INFO = INCLUDE_SOURCE;
				MTL_FAST_MATH = YES;
				ONLY_ACTIVE_ARCH = YES;
				SDKROOT = iphoneos;
				SWIFT_ACTIVE_COMPILATION_CONDITIONS = DEBUG;
				SWIFT_OPTIMIZATION_LEVEL = "-Onone";
			};
			name = Debug;
		};
		72704C7A2460EF13006F3E99 /* Release */ = {
			isa = XCBuildConfiguration;
			buildSettings = {
				ALWAYS_SEARCH_USER_PATHS = NO;
				CLANG_ANALYZER_NONNULL = YES;
				CLANG_ANALYZER_NUMBER_OBJECT_CONVERSION = YES_AGGRESSIVE;
				CLANG_CXX_LANGUAGE_STANDARD = "gnu++14";
				CLANG_CXX_LIBRARY = "libc++";
				CLANG_ENABLE_MODULES = YES;
				CLANG_ENABLE_OBJC_ARC = YES;
				CLANG_ENABLE_OBJC_WEAK = YES;
				CLANG_WARN_BLOCK_CAPTURE_AUTORELEASING = YES;
				CLANG_WARN_BOOL_CONVERSION = YES;
				CLANG_WARN_COMMA = YES;
				CLANG_WARN_CONSTANT_CONVERSION = YES;
				CLANG_WARN_DEPRECATED_OBJC_IMPLEMENTATIONS = YES;
				CLANG_WARN_DIRECT_OBJC_ISA_USAGE = YES_ERROR;
				CLANG_WARN_DOCUMENTATION_COMMENTS = YES;
				CLANG_WARN_EMPTY_BODY = YES;
				CLANG_WARN_ENUM_CONVERSION = YES;
				CLANG_WARN_INFINITE_RECURSION = YES;
				CLANG_WARN_INT_CONVERSION = YES;
				CLANG_WARN_NON_LITERAL_NULL_CONVERSION = YES;
				CLANG_WARN_OBJC_IMPLICIT_RETAIN_SELF = YES;
				CLANG_WARN_OBJC_LITERAL_CONVERSION = YES;
				CLANG_WARN_OBJC_ROOT_CLASS = YES_ERROR;
				CLANG_WARN_RANGE_LOOP_ANALYSIS = YES;
				CLANG_WARN_STRICT_PROTOTYPES = YES;
				CLANG_WARN_SUSPICIOUS_MOVE = YES;
				CLANG_WARN_UNGUARDED_AVAILABILITY = YES_AGGRESSIVE;
				CLANG_WARN_UNREACHABLE_CODE = YES;
				CLANG_WARN__DUPLICATE_METHOD_MATCH = YES;
				COPY_PHASE_STRIP = NO;
				DEBUG_INFORMATION_FORMAT = "dwarf-with-dsym";
				ENABLE_NS_ASSERTIONS = NO;
				ENABLE_STRICT_OBJC_MSGSEND = YES;
				GCC_C_LANGUAGE_STANDARD = gnu11;
				GCC_NO_COMMON_BLOCKS = YES;
				GCC_WARN_64_TO_32_BIT_CONVERSION = YES;
				GCC_WARN_ABOUT_RETURN_TYPE = YES_ERROR;
				GCC_WARN_UNDECLARED_SELECTOR = YES;
				GCC_WARN_UNINITIALIZED_AUTOS = YES_AGGRESSIVE;
				GCC_WARN_UNUSED_FUNCTION = YES;
				GCC_WARN_UNUSED_VARIABLE = YES;
				IPHONEOS_DEPLOYMENT_TARGET = 13.4;
				MTL_ENABLE_DEBUG_INFO = NO;
				MTL_FAST_MATH = YES;
				SDKROOT = iphoneos;
				SWIFT_COMPILATION_MODE = wholemodule;
				SWIFT_OPTIMIZATION_LEVEL = "-O";
				VALIDATE_PRODUCT = YES;
			};
			name = Release;
		};
		72704C7C2460EF13006F3E99 /* Debug */ = {
			isa = XCBuildConfiguration;
			baseConfigurationReference = 6761102642A44577E3E6499D /* Pods-Operator.debug.xcconfig */;
			buildSettings = {
				ASSETCATALOG_COMPILER_APPICON_NAME = AppIcon;
				CODE_SIGN_ENTITLEMENTS = Operator/Resources/Operator.entitlements;
				CODE_SIGN_STYLE = Automatic;
				DEVELOPMENT_ASSET_PATHS = "\"Operator/Preview Content\"";
				DEVELOPMENT_TEAM = YN24FFRTC8;
				ENABLE_PREVIEWS = YES;
				INFOPLIST_FILE = Operator/Resources/Info.plist;
				LD_RUNPATH_SEARCH_PATHS = (
					"$(inherited)",
					"@executable_path/Frameworks",
				);
				PRODUCT_BUNDLE_IDENTIFIER = me.foureyes.Operator;
				PRODUCT_NAME = "$(TARGET_NAME)";
				SUPPORTS_MACCATALYST = YES;
				SWIFT_VERSION = 5.0;
				TARGETED_DEVICE_FAMILY = "1,2";
			};
			name = Debug;
		};
		72704C7D2460EF13006F3E99 /* Release */ = {
			isa = XCBuildConfiguration;
			baseConfigurationReference = 32F8E8113014F8384AD3C0D6 /* Pods-Operator.release.xcconfig */;
			buildSettings = {
				ASSETCATALOG_COMPILER_APPICON_NAME = AppIcon;
				CODE_SIGN_ENTITLEMENTS = Operator/Resources/Operator.entitlements;
				CODE_SIGN_STYLE = Automatic;
				DEVELOPMENT_ASSET_PATHS = "\"Operator/Preview Content\"";
				DEVELOPMENT_TEAM = YN24FFRTC8;
				ENABLE_PREVIEWS = YES;
				INFOPLIST_FILE = Operator/Resources/Info.plist;
				LD_RUNPATH_SEARCH_PATHS = (
					"$(inherited)",
					"@executable_path/Frameworks",
				);
				PRODUCT_BUNDLE_IDENTIFIER = me.foureyes.Operator;
				PRODUCT_NAME = "$(TARGET_NAME)";
				SUPPORTS_MACCATALYST = YES;
				SWIFT_VERSION = 5.0;
				TARGETED_DEVICE_FAMILY = "1,2";
			};
			name = Release;
		};
		72704C932460EFEB006F3E99 /* Debug */ = {
			isa = XCBuildConfiguration;
			buildSettings = {
				BUNDLE_LOADER = "$(TEST_HOST)";
				CODE_SIGN_STYLE = Automatic;
				DEVELOPMENT_TEAM = YN24FFRTC8;
				INFOPLIST_FILE = OperatorTests/Info.plist;
				LD_RUNPATH_SEARCH_PATHS = (
					"$(inherited)",
					"@executable_path/Frameworks",
					"@loader_path/Frameworks",
				);
				PRODUCT_BUNDLE_IDENTIFIER = me.foureyes.OperatorTests;
				PRODUCT_NAME = "$(TARGET_NAME)";
				SWIFT_VERSION = 5.0;
				TARGETED_DEVICE_FAMILY = "1,2";
				TEST_HOST = "$(BUILT_PRODUCTS_DIR)/Operator.app/Operator";
			};
			name = Debug;
		};
		72704C942460EFEB006F3E99 /* Release */ = {
			isa = XCBuildConfiguration;
			buildSettings = {
				BUNDLE_LOADER = "$(TEST_HOST)";
				CODE_SIGN_STYLE = Automatic;
				DEVELOPMENT_TEAM = YN24FFRTC8;
				INFOPLIST_FILE = OperatorTests/Info.plist;
				LD_RUNPATH_SEARCH_PATHS = (
					"$(inherited)",
					"@executable_path/Frameworks",
					"@loader_path/Frameworks",
				);
				PRODUCT_BUNDLE_IDENTIFIER = me.foureyes.OperatorTests;
				PRODUCT_NAME = "$(TARGET_NAME)";
				SWIFT_VERSION = 5.0;
				TARGETED_DEVICE_FAMILY = "1,2";
				TEST_HOST = "$(BUILT_PRODUCTS_DIR)/Operator.app/Operator";
			};
			name = Release;
		};
/* End XCBuildConfiguration section */

/* Begin XCConfigurationList section */
		72704C622460EF10006F3E99 /* Build configuration list for PBXProject "Operator" */ = {
			isa = XCConfigurationList;
			buildConfigurations = (
				72704C792460EF13006F3E99 /* Debug */,
				72704C7A2460EF13006F3E99 /* Release */,
			);
			defaultConfigurationIsVisible = 0;
			defaultConfigurationName = Release;
		};
		72704C7B2460EF13006F3E99 /* Build configuration list for PBXNativeTarget "Operator" */ = {
			isa = XCConfigurationList;
			buildConfigurations = (
				72704C7C2460EF13006F3E99 /* Debug */,
				72704C7D2460EF13006F3E99 /* Release */,
			);
			defaultConfigurationIsVisible = 0;
			defaultConfigurationName = Release;
		};
		72704C922460EFEB006F3E99 /* Build configuration list for PBXNativeTarget "OperatorTests" */ = {
			isa = XCConfigurationList;
			buildConfigurations = (
				72704C932460EFEB006F3E99 /* Debug */,
				72704C942460EFEB006F3E99 /* Release */,
			);
			defaultConfigurationIsVisible = 0;
			defaultConfigurationName = Release;
		};
/* End XCConfigurationList section */
	};
	rootObject = 72704C5F2460EF10006F3E99 /* Project object */;
}
